{
  "nodes": {
    "findtests-master": {
      "inputs": {
        "flakeNimbleLib": [
          "flakeNimbleLib"
        ],
        "nixpkgs": [
          "nixpkgs"
        ],
        "src-findtests-master": "src-findtests-master"
      },
      "locked": {
        "dir": "master",
        "lastModified": 1662254467,
        "narHash": "sha256-8rd3o0IFIKJORtxS9NuHDNmxFuGGtsDqVRf7/sHPjow=",
        "owner": "nim-nix-pkgs",
        "repo": "findtests",
        "rev": "88df5162b4b72f2e72d16c58f1cefe01bbf9379e",
        "type": "github"
      },
      "original": {
        "dir": "master",
        "owner": "nim-nix-pkgs",
        "ref": "master",
        "repo": "findtests",
        "type": "github"
      }
    },
    "flakeNimbleLib": {
      "inputs": {
        "nixpkgs": [
          "nixpkgs"
        ]
      },
      "locked": {
        "lastModified": 1662018438,
        "narHash": "sha256-QtNtU6+LX3Wokxf0zlFwKTFOcn6TeDjKQZ+DA9OYtvM=",
        "owner": "riinr",
        "repo": "nim-flakes-lib",
        "rev": "b1fe8340736e3a85d25c709ac3dfd82a55c03cbf",
        "type": "github"
      },
      "original": {
        "owner": "riinr",
        "ref": "master",
        "repo": "nim-flakes-lib",
        "type": "github"
      }
    },
    "nixpkgs": {
      "locked": {
        "lastModified": 1667110639,
        "narHash": "sha256-4FbPESZ5LbqQxkJJJBAfk/zKgF9h/4kyUwjjpJwYlbc=",
        "owner": "NixOS",
        "repo": "nixpkgs",
        "rev": "f38a1f04d1bec1feb61fd101a0539ae2002a7087",
        "type": "github"
      },
      "original": {
        "id": "nixpkgs",
        "type": "indirect"
      }
    },
    "root": {
      "inputs": {
        "findtests-master": "findtests-master",
        "flakeNimbleLib": "flakeNimbleLib",
        "nixpkgs": "nixpkgs"
      }
    },
    "src-findtests-master": {
      "flake": false,
      "locked": {
        "lastModified": 1527398991,
        "narHash": "sha256-2ql1HMVmyRq5OlV3Yxc2BPxSJYuvovz27aoJ/w4Rd/4=",
        "owner": "jackvandrunen",
        "repo": "findtests",
        "rev": "e21fa80cf5c41d77f975614f394f1a0eac538d17",
        "type": "github"
      },
      "original": {
        "owner": "jackvandrunen",
        "ref": "refs/heads/master",
        "repo": "findtests",
        "type": "github"
      }
    }
  },
  "root": "root",
  "version": 7
}
